
Microsoft Visual Studio Solution File, Format Version 12.00
# Visual Studio Version 16
VisualStudioVersion = 16.0.31410.357
MinimumVisualStudioVersion = 10.0.40219.1
Project("{FAE04EC0-301F-11D3-BF4B-00C04F79EFBC}") = "eTickets", "eTickets.csproj", "{03E85A51-D82F-46BD-8591-BB447CE379EE}"
EndProject
Global
	GlobalSection(SolutionConfigurationPlatforms) = preSolution
		Debug|Any CPU = Debug|Any CPU
		Release|Any CPU = Release|Any CPU
	EndGlobalSection
	GlobalSection(ProjectConfigurationPlatforms) = postSolution
		{03E85A51-D82F-46BD-8591-BB447CE379EE}.Debug|Any CPU.ActiveCfg = Debug|Any CPU
		{03E85A51-D82F-46BD-8591-BB447CE379EE}.Debug|Any CPU.Build.0 = Debug|Any CPU
		{03E85A51-D82F-46BD-8591-BB447CE379EE}.Release|Any CPU.ActiveCfg = Release|Any CPU
		{03E85A51-D82F-46BD-8591-BB447CE379EE}.Release|Any CPU.Build.0 = Release|Any CPU
	EndGlobalSection
	GlobalSection(SolutionProperties) = preSolution
		HideSolutionNode = FALSE
	EndGlobalSection
	GlobalSection(ExtensibilityGlobals) = postSolution
		SolutionGuid = {C9D4DE71-DCCD-4ED9-B300-AD21D12282FA}
	EndGlobalSection
EndGlobal
